
Microsoft Visual Studio Solution File, Format Version 12.00
# Visual Studio 15
VisualStudioVersion = 15.0.27428.2043
MinimumVisualStudioVersion = 10.0.40219.1
Project("{FAE04EC0-301F-11D3-BF4B-00C04F79EFBC}") = "Project3.API", "Project3.API\Project3.API.csproj", "{D8050F8E-7967-4B40-8006-5C0CC962A55E}"
EndProject
Global
	GlobalSection(SolutionConfigurationPlatforms) = preSolution
		Debug|Any CPU = Debug|Any CPU
		Release|Any CPU = Release|Any CPU
	EndGlobalSection
	GlobalSection(ProjectConfigurationPlatforms) = postSolution
		{D8050F8E-7967-4B40-8006-5C0CC962A55E}.Debug|Any CPU.ActiveCfg = Debug|Any CPU
		{D8050F8E-7967-4B40-8006-5C0CC962A55E}.Debug|Any CPU.Build.0 = Debug|Any CPU
		{D8050F8E-7967-4B40-8006-5C0CC962A55E}.Release|Any CPU.ActiveCfg = Release|Any CPU
		{D8050F8E-7967-4B40-8006-5C0CC962A55E}.Release|Any CPU.Build.0 = Release|Any CPU
	EndGlobalSection
	GlobalSection(SolutionProperties) = preSolution
		HideSolutionNode = FALSE
	EndGlobalSection
	GlobalSection(ExtensibilityGlobals) = postSolution
		SolutionGuid = {2D0D8107-E3DB-48F9-B01C-958190461769}
	EndGlobalSection
EndGlobal
